
Microsoft Visual Studio Solution File, Format Version 12.00
# Visual Studio 15
VisualStudioVersion = 15.0.28307.168
MinimumVisualStudioVersion = 10.0.40219.1
Project("{FAE04EC0-301F-11D3-BF4B-00C04F79EFBC}") = "view", "view\view.csproj", "{11B7B823-77A4-4A6B-AA54-F36372D05120}"
EndProject
Project("{FAE04EC0-301F-11D3-BF4B-00C04F79EFBC}") = "BAL", "BAL\BAL.csproj", "{0ED9FF0C-A87F-4526-A947-C0FDA3C246F3}"
EndProject
Project("{FAE04EC0-301F-11D3-BF4B-00C04F79EFBC}") = "DAL", "DAL\DAL.csproj", "{55D1AD99-70C5-499C-8686-BEE9244C7450}"
EndProject
Project("{54435603-DBB4-11D2-8724-00A0C9A8B90C}") = "Setup", "Setup\Setup.vdproj", "{E265966A-089B-4D98-9BAD-93F054A37114}"
EndProject
Global
	GlobalSection(SolutionConfigurationPlatforms) = preSolution
		Debug|Any CPU = Debug|Any CPU
		Debug|ARM = Debug|ARM
		Debug|ARM64 = Debug|ARM64
		Debug|x64 = Debug|x64
		Debug|x86 = Debug|x86
		Release|Any CPU = Release|Any CPU
		Release|ARM = Release|ARM
		Release|ARM64 = Release|ARM64
		Release|x64 = Release|x64
		Release|x86 = Release|x86
	EndGlobalSection
	GlobalSection(ProjectConfigurationPlatforms) = postSolution
		{11B7B823-77A4-4A6B-AA54-F36372D05120}.Debug|Any CPU.ActiveCfg = Debug|Any CPU
		{11B7B823-77A4-4A6B-AA54-F36372D05120}.Debug|Any CPU.Build.0 = Debug|Any CPU
		{11B7B823-77A4-4A6B-AA54-F36372D05120}.Debug|ARM.ActiveCfg = Debug|Any CPU
		{11B7B823-77A4-4A6B-AA54-F36372D05120}.Debug|ARM.Build.0 = Debug|Any CPU
		{11B7B823-77A4-4A6B-AA54-F36372D05120}.Debug|ARM64.ActiveCfg = Debug|Any CPU
		{11B7B823-77A4-4A6B-AA54-F36372D05120}.Debug|ARM64.Build.0 = Debug|Any CPU
		{11B7B823-77A4-4A6B-AA54-F36372D05120}.Debug|x64.ActiveCfg = Debug|Any CPU
		{11B7B823-77A4-4A6B-AA54-F36372D05120}.Debug|x64.Build.0 = Debug|Any CPU
		{11B7B823-77A4-4A6B-AA54-F36372D05120}.Debug|x86.ActiveCfg = Debug|Any CPU
		{11B7B823-77A4-4A6B-AA54-F36372D05120}.Debug|x86.Build.0 = Debug|Any CPU
		{11B7B823-77A4-4A6B-AA54-F36372D05120}.Release|Any CPU.ActiveCfg = Release|Any CPU
		{11B7B823-77A4-4A6B-AA54-F36372D05120}.Release|Any CPU.Build.0 = Release|Any CPU
		{11B7B823-77A4-4A6B-AA54-F36372D05120}.Release|ARM.ActiveCfg = Release|Any CPU
		{11B7B823-77A4-4A6B-AA54-F36372D05120}.Release|ARM.Build.0 = Release|Any CPU
		{11B7B823-77A4-4A6B-AA54-F36372D05120}.Release|ARM64.ActiveCfg = Release|Any CPU
		{11B7B823-77A4-4A6B-AA54-F36372D05120}.Release|ARM64.Build.0 = Release|Any CPU
		{11B7B823-77A4-4A6B-AA54-F36372D05120}.Release|x64.ActiveCfg = Release|Any CPU
		{11B7B823-77A4-4A6B-AA54-F36372D05120}.Release|x64.Build.0 = Release|Any CPU
		{11B7B823-77A4-4A6B-AA54-F36372D05120}.Release|x86.ActiveCfg = Release|Any CPU
		{11B7B823-77A4-4A6B-AA54-F36372D05120}.Release|x86.Build.0 = Release|Any CPU
		{0ED9FF0C-A87F-4526-A947-C0FDA3C246F3}.Debug|Any CPU.ActiveCfg = Debug|Any CPU
		{0ED9FF0C-A87F-4526-A947-C0FDA3C246F3}.Debug|Any CPU.Build.0 = Debug|Any CPU
		{0ED9FF0C-A87F-4526-A947-C0FDA3C246F3}.Debug|ARM.ActiveCfg = Debug|Any CPU
		{0ED9FF0C-A87F-4526-A947-C0FDA3C246F3}.Debug|ARM.Build.0 = Debug|Any CPU
		{0ED9FF0C-A87F-4526-A947-C0FDA3C246F3}.Debug|ARM64.ActiveCfg = Debug|Any CPU
		{0ED9FF0C-A87F-4526-A947-C0FDA3C246F3}.Debug|ARM64.Build.0 = Debug|Any CPU
		{0ED9FF0C-A87F-4526-A947-C0FDA3C246F3}.Debug|x64.ActiveCfg = Debug|Any CPU
		{0ED9FF0C-A87F-4526-A947-C0FDA3C246F3}.Debug|x64.Build.0 = Debug|Any CPU
		{0ED9FF0C-A87F-4526-A947-C0FDA3C246F3}.Debug|x86.ActiveCfg = Debug|Any CPU
		{0ED9FF0C-A87F-4526-A947-C0FDA3C246F3}.Debug|x86.Build.0 = Debug|Any CPU
		{0ED9FF0C-A87F-4526-A947-C0FDA3C246F3}.Release|Any CPU.ActiveCfg = Release|Any CPU
		{0ED9FF0C-A87F-4526-A947-C0FDA3C246F3}.Release|Any CPU.Build.0 = Release|Any CPU
		{0ED9FF0C-A87F-4526-A947-C0FDA3C246F3}.Release|ARM.ActiveCfg = Release|Any CPU
		{0ED9FF0C-A87F-4526-A947-C0FDA3C246F3}.Release|ARM.Build.0 = Release|Any CPU
		{0ED9FF0C-A87F-4526-A947-C0FDA3C246F3}.Release|ARM64.ActiveCfg = Release|Any CPU
		{0ED9FF0C-A87F-4526-A947-C0FDA3C246F3}.Release|ARM64.Build.0 = Release|Any CPU
		{0ED9FF0C-A87F-4526-A947-C0FDA3C246F3}.Release|x64.ActiveCfg = Release|Any CPU
		{0ED9FF0C-A87F-4526-A947-C0FDA3C246F3}.Release|x64.Build.0 = Release|Any CPU
		{0ED9FF0C-A87F-4526-A947-C0FDA3C246F3}.Release|x86.ActiveCfg = Release|Any CPU
		{0ED9FF0C-A87F-4526-A947-C0FDA3C246F3}.Release|x86.Build.0 = Release|Any CPU
		{55D1AD99-70C5-499C-8686-BEE9244C7450}.Debug|Any CPU.ActiveCfg = Debug|Any CPU
		{55D1AD99-70C5-499C-8686-BEE9244C7450}.Debug|Any CPU.Build.0 = Debug|Any CPU
		{55D1AD99-70C5-499C-8686-BEE9244C7450}.Debug|ARM.ActiveCfg = Debug|Any CPU
		{55D1AD99-70C5-499C-8686-BEE9244C7450}.Debug|ARM.Build.0 = Debug|Any CPU
		{55D1AD99-70C5-499C-8686-BEE9244C7450}.Debug|ARM64.ActiveCfg = Debug|Any CPU
		{55D1AD99-70C5-499C-8686-BEE9244C7450}.Debug|ARM64.Build.0 = Debug|Any CPU
		{55D1AD99-70C5-499C-8686-BEE9244C7450}.Debug|x64.ActiveCfg = Debug|Any CPU
		{55D1AD99-70C5-499C-8686-BEE9244C7450}.Debug|x64.Build.0 = Debug|Any CPU
		{55D1AD99-70C5-499C-8686-BEE9244C7450}.Debug|x86.ActiveCfg = Debug|Any CPU
		{55D1AD99-70C5-499C-8686-BEE9244C7450}.Debug|x86.Build.0 = Debug|Any CPU
		{55D1AD99-70C5-499C-8686-BEE9244C7450}.Release|Any CPU.ActiveCfg = Release|Any CPU
		{55D1AD99-70C5-499C-8686-BEE9244C7450}.Release|Any CPU.Build.0 = Release|Any CPU
		{55D1AD99-70C5-499C-8686-BEE9244C7450}.Release|ARM.ActiveCfg = Release|Any CPU
		{55D1AD99-70C5-499C-8686-BEE9244C7450}.Release|ARM.Build.0 = Release|Any CPU
		{55D1AD99-70C5-499C-8686-BEE9244C7450}.Release|ARM64.ActiveCfg = Release|Any CPU
		{55D1AD99-70C5-499C-8686-BEE9244C7450}.Release|ARM64.Build.0 = Release|Any CPU
		{55D1AD99-70C5-499C-8686-BEE9244C7450}.Release|x64.ActiveCfg = Release|Any CPU
		{55D1AD99-70C5-499C-8686-BEE9244C7450}.Release|x64.Build.0 = Release|Any CPU
		{55D1AD99-70C5-499C-8686-BEE9244C7450}.Release|x86.ActiveCfg = Release|Any CPU
		{55D1AD99-70C5-499C-8686-BEE9244C7450}.Release|x86.Build.0 = Release|Any CPU
		{E265966A-089B-4D98-9BAD-93F054A37114}.Debug|Any CPU.ActiveCfg = Debug
		{E265966A-089B-4D98-9BAD-93F054A37114}.Debug|ARM.ActiveCfg = Debug
		{E265966A-089B-4D98-9BAD-93F054A37114}.Debug|ARM64.ActiveCfg = Debug
		{E265966A-089B-4D98-9BAD-93F054A37114}.Debug|x64.ActiveCfg = Debug
		{E265966A-089B-4D98-9BAD-93F054A37114}.Debug|x86.ActiveCfg = Debug
		{E265966A-089B-4D98-9BAD-93F054A37114}.Release|Any CPU.ActiveCfg = Release
		{E265966A-089B-4D98-9BAD-93F054A37114}.Release|ARM.ActiveCfg = Release
		{E265966A-089B-4D98-9BAD-93F054A37114}.Release|ARM64.ActiveCfg = Release
		{E265966A-089B-4D98-9BAD-93F054A37114}.Release|x64.ActiveCfg = Release
		{E265966A-089B-4D98-9BAD-93F054A37114}.Release|x86.ActiveCfg = Release
	EndGlobalSection
	GlobalSection(SolutionProperties) = preSolution
		HideSolutionNode = FALSE
	EndGlobalSection
	GlobalSection(ExtensibilityGlobals) = postSolution
		SolutionGuid = {C87AB0F1-0A78-4BBA-846D-B7D7901C7868}
	EndGlobalSection
EndGlobal
